
Microsoft Visual Studio Solution File, Format Version 12.00
# Visual Studio Version 16
VisualStudioVersion = 16.0.33214.272
MinimumVisualStudioVersion = 10.0.40219.1
Project("{FAE04EC0-301F-11D3-BF4B-00C04F79EFBC}") = "PI_Task_7(Post)", "PI_Task_7(Post)\PI_Task_7(Post).csproj", "{5F4E589E-BBFA-4D70-94D5-5A6124D0F3A6}"
EndProject
Global
	GlobalSection(SolutionConfigurationPlatforms) = preSolution
		Debug|Any CPU = Debug|Any CPU
		Release|Any CPU = Release|Any CPU
	EndGlobalSection
	GlobalSection(ProjectConfigurationPlatforms) = postSolution
		{5F4E589E-BBFA-4D70-94D5-5A6124D0F3A6}.Debug|Any CPU.ActiveCfg = Debug|Any CPU
		{5F4E589E-BBFA-4D70-94D5-5A6124D0F3A6}.Debug|Any CPU.Build.0 = Debug|Any CPU
		{5F4E589E-BBFA-4D70-94D5-5A6124D0F3A6}.Release|Any CPU.ActiveCfg = Release|Any CPU
		{5F4E589E-BBFA-4D70-94D5-5A6124D0F3A6}.Release|Any CPU.Build.0 = Release|Any CPU
	EndGlobalSection
	GlobalSection(SolutionProperties) = preSolution
		HideSolutionNode = FALSE
	EndGlobalSection
	GlobalSection(ExtensibilityGlobals) = postSolution
		SolutionGuid = {43BBB357-3B0B-44F4-B65C-90FE1F41352D}
	EndGlobalSection
EndGlobal
